{
  "projects": [
    {
      "projectId": "v5kPWVs52pwRXwqqMcp9wM",
      "version": "latest",
      "dependencies": {},
      "lang": "js",
      "fileLocks": [
        {
          "type": "globalVariant",
          "assetId": "JAtHbbPajehnN",
          "checksum": "b9a7261f5bd7c77ab96c65f1e77ca405"
        },
        {
          "type": "renderModule",
          "assetId": "DbNFw3I6kWzV",
          "checksum": "debc5e7848453132fe14ce7c68ffb4fe"
        },
        {
          "type": "cssRules",
          "assetId": "DbNFw3I6kWzV",
          "checksum": "debc5e7848453132fe14ce7c68ffb4fe"
        },
        {
          "type": "renderModule",
          "assetId": "DmFxs3pJvR",
          "checksum": "9932521c7ac9fd1bda2fea63dc2e0469"
        },
        {
          "type": "cssRules",
          "assetId": "DmFxs3pJvR",
          "checksum": "9932521c7ac9fd1bda2fea63dc2e0469"
        },
        {
          "type": "renderModule",
          "assetId": "wXiIj30Pce",
          "checksum": "2e8554db9f5b2a5d805f38ee8c160a59"
        },
        {
          "type": "cssRules",
          "assetId": "wXiIj30Pce",
          "checksum": "2e8554db9f5b2a5d805f38ee8c160a59"
        },
        {
          "type": "renderModule",
          "assetId": "2zISYtN-0Q",
          "checksum": "6b1af74e970c5961139b0a94dd793e95"
        },
        {
          "type": "cssRules",
          "assetId": "2zISYtN-0Q",
          "checksum": "6b1af74e970c5961139b0a94dd793e95"
        },
        {
          "assetId": "v5kPWVs52pwRXwqqMcp9wM",
          "type": "projectCss",
          "checksum": "d01646413cb0eb2babb85bc6a3a95808"
        }
      ],
      "codegenVersion": "0.0.1"
    }
  ],
  "cliVersion": "0.1.249"
}
