{
  "projects": [
    {
      "projectId": "v5kPWVs52pwRXwqqMcp9wM",
      "version": "latest",
      "dependencies": {},
      "lang": "js",
      "fileLocks": [
        {
          "type": "globalVariant",
          "assetId": "JAtHbbPajehnN",
          "checksum": "b9a7261f5bd7c77ab96c65f1e77ca405"
        },
        {
          "type": "renderModule",
          "assetId": "DbNFw3I6kWzV",
          "checksum": "2271aa33744b7a86a23136a681fce3ab"
        },
        {
          "type": "cssRules",
          "assetId": "DbNFw3I6kWzV",
          "checksum": "2271aa33744b7a86a23136a681fce3ab"
        },
        {
          "type": "renderModule",
          "assetId": "DmFxs3pJvR",
          "checksum": "477310e70beee2e3f4141d2d0bb582ad"
        },
        {
          "type": "cssRules",
          "assetId": "DmFxs3pJvR",
          "checksum": "477310e70beee2e3f4141d2d0bb582ad"
        },
        {
          "type": "renderModule",
          "assetId": "wXiIj30Pce",
          "checksum": "04607a8d4a9f28c05e2c389f192b4d67"
        },
        {
          "type": "cssRules",
          "assetId": "wXiIj30Pce",
          "checksum": "04607a8d4a9f28c05e2c389f192b4d67"
        },
        {
          "assetId": "v5kPWVs52pwRXwqqMcp9wM",
          "type": "projectCss",
          "checksum": "d01646413cb0eb2babb85bc6a3a95808"
        }
      ],
      "codegenVersion": "0.0.1"
    }
  ],
  "cliVersion": "0.1.249"
}
